
SPEC CHECKSUMS: 
  HTTPRiot: 6fc664f796e4ed199cae1df0643fb2335b776038
  SBJson: cc373c9eed9314a45715e4fb77a1415c45fa056e
  KissXML: 8dfe0fb6d4e987fec63656ff07d5e697f49976f8
  TouchJSON: 42c1e460723d56d57d03ece0449299c81ebf9391
  MUKit: 7da25f85fbae3190c473fe517e97471b0793414b
  AFNetworking-Fork: c14419fe0e79045742ac7a892c4969ec1ca411e3

COCOAPODS: 0.15.2

DEPENDENCIES: 
- HTTPRiot
- MUKit
- SBJson (= 2.2.3)
- TouchJSON

PODS: 
- AFNetworking-Fork (0.9.1)
- HTTPRiot (0.6.1): 
  - KissXML
  - SBJson (= 2.2.3)
- KissXML (5.0)
- MUKit (0.0.7): 
  - AFNetworking-Fork
- SBJson (2.2.3)
- TouchJSON (1.0)
