// !$*UTF8*$!
{
	archiveVersion = 1;
	classes = {
	};
	objectVersion = 46;
	objects = {

/* Begin PBXBuildFile section */
		0246879914FE2642009E2CB9 /* UIKit.framework in Frameworks */ = {isa = PBXBuildFile; fileRef = 0246879814FE2642009E2CB9 /* UIKit.framework */; };
		0246879B14FE2642009E2CB9 /* Foundation.framework in Frameworks */ = {isa = PBXBuildFile; fileRef = 0246879A14FE2642009E2CB9 /* Foundation.framework */; };
		0246879D14FE2642009E2CB9 /* CoreGraphics.framework in Frameworks */ = {isa = PBXBuildFile; fileRef = 0246879C14FE2642009E2CB9 /* CoreGraphics.framework */; };
		024687A314FE2642009E2CB9 /* InfoPlist.strings in Resources */ = {isa = PBXBuildFile; fileRef = 024687A114FE2642009E2CB9 /* InfoPlist.strings */; };
		024687A514FE2642009E2CB9 /* main.m in Sources */ = {isa = PBXBuildFile; fileRef = 024687A414FE2642009E2CB9 /* main.m */; };
		024687A914FE2642009E2CB9 /* DXAppDelegate.m in Sources */ = {isa = PBXBuildFile; fileRef = 024687A814FE2642009E2CB9 /* DXAppDelegate.m */; };
		024687AC14FE2642009E2CB9 /* DXViewController.m in Sources */ = {isa = PBXBuildFile; fileRef = 024687AB14FE2642009E2CB9 /* DXViewController.m */; };
		024687AF14FE2642009E2CB9 /* DXViewController.xib in Resources */ = {isa = PBXBuildFile; fileRef = 024687AD14FE2642009E2CB9 /* DXViewController.xib */; };
/* End PBXBuildFile section */

/* Begin PBXFileReference section */
		0246879414FE2642009E2CB9 /* SocialEngine.app */ = {isa = PBXFileReference; explicitFileType = wrapper.application; includeInIndex = 0; path = SocialEngine.app; sourceTree = BUILT_PRODUCTS_DIR; };
		0246879814FE2642009E2CB9 /* UIKit.framework */ = {isa = PBXFileReference; lastKnownFileType = wrapper.framework; name = UIKit.framework; path = System/Library/Frameworks/UIKit.framework; sourceTree = SDKROOT; };
		0246879A14FE2642009E2CB9 /* Foundation.framework */ = {isa = PBXFileReference; lastKnownFileType = wrapper.framework; name = Foundation.framework; path = System/Library/Frameworks/Foundation.framework; sourceTree = SDKROOT; };
		0246879C14FE2642009E2CB9 /* CoreGraphics.framework */ = {isa = PBXFileReference; lastKnownFileType = wrapper.framework; name = CoreGraphics.framework; path = System/Library/Frameworks/CoreGraphics.framework; sourceTree = SDKROOT; };
		024687A014FE2642009E2CB9 /* SocialEngine-Info.plist */ = {isa = PBXFileReference; lastKnownFileType = text.plist.xml; path = "SocialEngine-Info.plist"; sourceTree = "<group>"; };
		024687A214FE2642009E2CB9 /* en */ = {isa = PBXFileReference; lastKnownFileType = text.plist.strings; name = en; path = en.lproj/InfoPlist.strings; sourceTree = "<group>"; };
		024687A414FE2642009E2CB9 /* main.m */ = {isa = PBXFileReference; lastKnownFileType = sourcecode.c.objc; path = main.m; sourceTree = "<group>"; };
		024687A614FE2642009E2CB9 /* SocialEngine-Prefix.pch */ = {isa = PBXFileReference; lastKnownFileType = sourcecode.c.h; path = "SocialEngine-Prefix.pch"; sourceTree = "<group>"; };
		024687A714FE2642009E2CB9 /* DXAppDelegate.h */ = {isa = PBXFileReference; lastKnownFileType = sourcecode.c.h; path = DXAppDelegate.h; sourceTree = "<group>"; };
		024687A814FE2642009E2CB9 /* DXAppDelegate.m */ = {isa = PBXFileReference; lastKnownFileType = sourcecode.c.objc; path = DXAppDelegate.m; sourceTree = "<group>"; };
		024687AA14FE2642009E2CB9 /* DXViewController.h */ = {isa = PBXFileReference; lastKnownFileType = sourcecode.c.h; path = DXViewController.h; sourceTree = "<group>"; };
		024687AB14FE2642009E2CB9 /* DXViewController.m */ = {isa = PBXFileReference; lastKnownFileType = sourcecode.c.objc; path = DXViewController.m; sourceTree = "<group>"; };
		024687AE14FE2642009E2CB9 /* en */ = {isa = PBXFileReference; lastKnownFileType = file.xib; name = en; path = en.lproj/DXViewController.xib; sourceTree = "<group>"; };
/* End PBXFileReference section */

/* Begin PBXFrameworksBuildPhase section */
		0246879114FE2642009E2CB9 /* Frameworks */ = {
			isa = PBXFrameworksBuildPhase;
			buildActionMask = 2147483647;
			files = (
				0246879914FE2642009E2CB9 /* UIKit.framework in Frameworks */,
				0246879B14FE2642009E2CB9 /* Foundation.framework in Frameworks */,
				0246879D14FE2642009E2CB9 /* CoreGraphics.framework in Frameworks */,
			);
			runOnlyForDeploymentPostprocessing = 0;
		};
/* End PBXFrameworksBuildPhase section */

/* Begin PBXGroup section */
		0246878914FE2642009E2CB9 = {
			isa = PBXGroup;
			children = (
				0246879E14FE2642009E2CB9 /* SocialEngine */,
				0246879714FE2642009E2CB9 /* Frameworks */,
				0246879514FE2642009E2CB9 /* Products */,
			);
			sourceTree = "<group>";
		};
		0246879514FE2642009E2CB9 /* Products */ = {
			isa = PBXGroup;
			children = (
				0246879414FE2642009E2CB9 /* SocialEngine.app */,
			);
			name = Products;
			sourceTree = "<group>";
		};
		0246879714FE2642009E2CB9 /* Frameworks */ = {
			isa = PBXGroup;
			children = (
				0246879814FE2642009E2CB9 /* UIKit.framework */,
				0246879A14FE2642009E2CB9 /* Foundation.framework */,
				0246879C14FE2642009E2CB9 /* CoreGraphics.framework */,
			);
			name = Frameworks;
			sourceTree = "<group>";
		};
		0246879E14FE2642009E2CB9 /* SocialEngine */ = {
			isa = PBXGroup;
			children = (
				024687A714FE2642009E2CB9 /* DXAppDelegate.h */,
				024687A814FE2642009E2CB9 /* DXAppDelegate.m */,
				024687AA14FE2642009E2CB9 /* DXViewController.h */,
				024687AB14FE2642009E2CB9 /* DXViewController.m */,
				024687AD14FE2642009E2CB9 /* DXViewController.xib */,
				0246879F14FE2642009E2CB9 /* Supporting Files */,
			);
			path = SocialEngine;
			sourceTree = "<group>";
		};
		0246879F14FE2642009E2CB9 /* Supporting Files */ = {
			isa = PBXGroup;
			children = (
				024687A014FE2642009E2CB9 /* SocialEngine-Info.plist */,
				024687A114FE2642009E2CB9 /* InfoPlist.strings */,
				024687A414FE2642009E2CB9 /* main.m */,
				024687A614FE2642009E2CB9 /* SocialEngine-Prefix.pch */,
			);
			name = "Supporting Files";
			sourceTree = "<group>";
		};
/* End PBXGroup section */

/* Begin PBXNativeTarget section */
		0246879314FE2642009E2CB9 /* SocialEngine */ = {
			isa = PBXNativeTarget;
			buildConfigurationList = 024687B214FE2642009E2CB9 /* Build configuration list for PBXNativeTarget "SocialEngine" */;
			buildPhases = (
				0246879014FE2642009E2CB9 /* Sources */,
				0246879114FE2642009E2CB9 /* Frameworks */,
				0246879214FE2642009E2CB9 /* Resources */,
			);
			buildRules = (
			);
			dependencies = (
			);
			name = SocialEngine;
			productName = SocialEngine;
			productReference = 0246879414FE2642009E2CB9 /* SocialEngine.app */;
			productType = "com.apple.product-type.application";
		};
/* End PBXNativeTarget section */

/* Begin PBXProject section */
		0246878B14FE2642009E2CB9 /* Project object */ = {
			isa = PBXProject;
			attributes = {
				LastUpgradeCheck = 0420;
			};
			buildConfigurationList = 0246878E14FE2642009E2CB9 /* Build configuration list for PBXProject "SocialEngine" */;
			compatibilityVersion = "Xcode 3.2";
			developmentRegion = English;
			hasScannedForEncodings = 0;
			knownRegions = (
				en,
			);
			mainGroup = 0246878914FE2642009E2CB9;
			productRefGroup = 0246879514FE2642009E2CB9 /* Products */;
			projectDirPath = "";
			projectRoot = "";
			targets = (
				0246879314FE2642009E2CB9 /* SocialEngine */,
			);
		};
/* End PBXProject section */

/* Begin PBXResourcesBuildPhase section */
		0246879214FE2642009E2CB9 /* Resources */ = {
			isa = PBXResourcesBuildPhase;
			buildActionMask = 2147483647;
			files = (
				024687A314FE2642009E2CB9 /* InfoPlist.strings in Resources */,
				024687AF14FE2642009E2CB9 /* DXViewController.xib in Resources */,
			);
			runOnlyForDeploymentPostprocessing = 0;
		};
/* End PBXResourcesBuildPhase section */

/* Begin PBXSourcesBuildPhase section */
		0246879014FE2642009E2CB9 /* Sources */ = {
			isa = PBXSourcesBuildPhase;
			buildActionMask = 2147483647;
			files = (
				024687A514FE2642009E2CB9 /* main.m in Sources */,
				024687A914FE2642009E2CB9 /* DXAppDelegate.m in Sources */,
				024687AC14FE2642009E2CB9 /* DXViewController.m in Sources */,
			);
			runOnlyForDeploymentPostprocessing = 0;
		};
/* End PBXSourcesBuildPhase section */

/* Begin PBXVariantGroup section */
		024687A114FE2642009E2CB9 /* InfoPlist.strings */ = {
			isa = PBXVariantGroup;
			children = (
				024687A214FE2642009E2CB9 /* en */,
			);
			name = InfoPlist.strings;
			sourceTree = "<group>";
		};
		024687AD14FE2642009E2CB9 /* DXViewController.xib */ = {
			isa = PBXVariantGroup;
			children = (
				024687AE14FE2642009E2CB9 /* en */,
			);
			name = DXViewController.xib;
			sourceTree = "<group>";
		};
/* End PBXVariantGroup section */

/* Begin XCBuildConfiguration section */
		024687B014FE2642009E2CB9 /* Debug */ = {
			isa = XCBuildConfiguration;
			buildSettings = {
				ALWAYS_SEARCH_USER_PATHS = NO;
				ARCHS = "$(ARCHS_STANDARD_32_BIT)";
				"CODE_SIGN_IDENTITY[sdk=iphoneos*]" = "iPhone Developer";
				COPY_PHASE_STRIP = NO;
				GCC_C_LANGUAGE_STANDARD = gnu99;
				GCC_DYNAMIC_NO_PIC = NO;
				GCC_OPTIMIZATION_LEVEL = 0;
				GCC_PREPROCESSOR_DEFINITIONS = (
					"DEBUG=1",
					"$(inherited)",
				);
				GCC_SYMBOLS_PRIVATE_EXTERN = NO;
				GCC_VERSION = com.apple.compilers.llvm.clang.1_0;
				GCC_WARN_ABOUT_MISSING_PROTOTYPES = YES;
				GCC_WARN_ABOUT_RETURN_TYPE = YES;
				GCC_WARN_UNUSED_VARIABLE = YES;
				IPHONEOS_DEPLOYMENT_TARGET = 4.0;
				SDKROOT = iphoneos;
			};
			name = Debug;
		};
		024687B114FE2642009E2CB9 /* Release */ = {
			isa = XCBuildConfiguration;
			buildSettings = {
				ALWAYS_SEARCH_USER_PATHS = NO;
				ARCHS = "$(ARCHS_STANDARD_32_BIT)";
				"CODE_SIGN_IDENTITY[sdk=iphoneos*]" = "iPhone Developer";
				COPY_PHASE_STRIP = YES;
				GCC_C_LANGUAGE_STANDARD = gnu99;
				GCC_VERSION = com.apple.compilers.llvm.clang.1_0;
				GCC_WARN_ABOUT_MISSING_PROTOTYPES = YES;
				GCC_WARN_ABOUT_RETURN_TYPE = YES;
				GCC_WARN_UNUSED_VARIABLE = YES;
				IPHONEOS_DEPLOYMENT_TARGET = 4.0;
				OTHER_CFLAGS = "-DNS_BLOCK_ASSERTIONS=1";
				SDKROOT = iphoneos;
				VALIDATE_PRODUCT = YES;
			};
			name = Release;
		};
		024687B314FE2642009E2CB9 /* Debug */ = {
			isa = XCBuildConfiguration;
			buildSettings = {
				GCC_PRECOMPILE_PREFIX_HEADER = YES;
				GCC_PREFIX_HEADER = "SocialEngine/SocialEngine-Prefix.pch";
				INFOPLIST_FILE = "SocialEngine/SocialEngine-Info.plist";
				PRODUCT_NAME = "$(TARGET_NAME)";
				WRAPPER_EXTENSION = app;
			};
			name = Debug;
		};
		024687B414FE2642009E2CB9 /* Release */ = {
			isa = XCBuildConfiguration;
			buildSettings = {
				GCC_PRECOMPILE_PREFIX_HEADER = YES;
				GCC_PREFIX_HEADER = "SocialEngine/SocialEngine-Prefix.pch";
				INFOPLIST_FILE = "SocialEngine/SocialEngine-Info.plist";
				PRODUCT_NAME = "$(TARGET_NAME)";
				WRAPPER_EXTENSION = app;
			};
			name = Release;
		};
/* End XCBuildConfiguration section */

/* Begin XCConfigurationList section */
		0246878E14FE2642009E2CB9 /* Build configuration list for PBXProject "SocialEngine" */ = {
			isa = XCConfigurationList;
			buildConfigurations = (
				024687B014FE2642009E2CB9 /* Debug */,
				024687B114FE2642009E2CB9 /* Release */,
			);
			defaultConfigurationIsVisible = 0;
			defaultConfigurationName = Release;
		};
		024687B214FE2642009E2CB9 /* Build configuration list for PBXNativeTarget "SocialEngine" */ = {
			isa = XCConfigurationList;
			buildConfigurations = (
				024687B314FE2642009E2CB9 /* Debug */,
				024687B414FE2642009E2CB9 /* Release */,
			);
			defaultConfigurationIsVisible = 0;
			defaultConfigurationName = Release;
		};
/* End XCConfigurationList section */
	};
	rootObject = 0246878B14FE2642009E2CB9 /* Project object */;
}
